{
  "name": "fineprinter-uniapp",
  "version": "1.0.0",
  "lockfileVersion": 1,
  "requires": true,
  "dependencies": {
    "@babel/helper-plugin-utils": {
      "version": "7.10.3",
      "resolved": "https://registry.npm.taobao.org/@babel/helper-plugin-utils/download/@babel/helper-plugin-utils-7.10.3.tgz",
      "integrity": "sha1-qsRczPi8GHO5moXzS87vO+tdMkQ="
    },
    "@babel/plugin-proposal-optional-chaining": {
      "version": "7.10.3",
      "resolved": "https://registry.npm.taobao.org/@babel/plugin-proposal-optional-chaining/download/@babel/plugin-proposal-optional-chaining-7.10.3.tgz?cache=0&sync_timestamp=1592603260714&other_urls=https%3A%2F%2Fregistry.npm.taobao.org%2F%40babel%2Fplugin-proposal-optional-chaining%2Fdownload%2F%40babel%2Fplugin-proposal-optional-chaining-7.10.3.tgz",
      "integrity": "sha1-mnJvlGIrZTwKOnpZzc6Ucw9Sb3w=",
      "requires": {
        "@babel/helper-plugin-utils": "^7.10.3",
        "@babel/plugin-syntax-optional-chaining": "^7.8.0"
      }
    },
    "@babel/plugin-syntax-optional-chaining": {
      "version": "7.8.3",
      "resolved": "https://registry.npm.taobao.org/@babel/plugin-syntax-optional-chaining/download/@babel/plugin-syntax-optional-chaining-7.8.3.tgz",
      "integrity": "sha1-T2nCq5UWfgGAzVM2YT+MV4j31Io=",
      "requires": {
        "@babel/helper-plugin-utils": "^7.8.0"
      }
    },
    "js-md5": {
      "version": "0.7.3",
      "resolved": "https://registry.npmjs.org/js-md5/-/js-md5-0.7.3.tgz",
      "integrity": "sha512-ZC41vPSTLKGwIRjqDh8DfXoCrdQIyBgspJVPXHBGu4nZlAEvG3nf+jO9avM9RmLiGakg7vz974ms99nEV0tmTQ=="
    },
    "moment": {
      "version": "2.27.0",
      "resolved": "https://registry.npm.taobao.org/moment/download/moment-2.27.0.tgz",
      "integrity": "sha1-i/9OPiaiNiIN/j423nVrbrqgEF0="
    },
    "uview-ui": {
      "version": "1.7.6",
      "resolved": "https://registry.npm.taobao.org/uview-ui/download/uview-ui-1.7.6.tgz",
      "integrity": "sha1-UQEstC1GV22CiunyvmyE3IpsM6Y="
    }
  }
}
